on:
  schedule:
    # Run weekly on Mondays at 00:00 UTC
    - cron: '0 0 * * 1'

  workflow_dispatch:

concurrency:
  group: ${{ github.workflow }}-${{ github.ref }}

  cancel-in-progress: false

jobs:
  update-flake-lock:
    runs-on: ubuntu-latest

    steps:
      - uses: actions/checkout@de0fac2e4500dabe0009e67214ff5f5447ce83dd # v6.0.2

      - uses: cachix/install-nix-action@1ca7d21a94afc7c957383a2d217460d980de4934 # v31.10.1
        with:
          extra_nix_config: |
            accept-flake-config = true

      - uses: DeterminateSystems/update-flake-lock@834c491b2ece4de0bbd00d85214bb5e83b4da5c6 # v28
        with:
          token: ${{ secrets.FLAKE_UPDATE_GH_TOKEN }}

          pr-title: "chore(flake): update lock file"
          pr-assignees: hilorioze
          pr-labels: |
            dependencies
            automated

          commit-msg: "chore(flake): update lock file"
